NeoBundleLock lightline.vim 0f62126cbd3f4e82187a311df589cd5dacc262de
NeoBundleLock memolist.vim fe87b0f1d3c3f642d02923311e380ea3de11fdc1
NeoBundleLock neobundle.vim cfbbde55a6b64251a7edec37f114bde614113613
NeoBundleLock nerdtree 4ebbb533c3faf2c480211db2b547972bb3b60f2b
NeoBundleLock vim-force.com 7760fd89d62c3796853ed4aa1ca22f2cc9f40daa
